# This file is automatically @generated by Poetry 1.8.3 and should not be changed by hand.

[[package]]
name = "numoperations"
version = "2.0.2"
description = "Extension for numgenius that adds multiplication and subtraction"
optional = false
python-versions = ">=3.10,<4.0"
files = [
    {file = "numoperations-2.0.1-py3-none-any.whl", hash = "sha256:f82f0e9f5ff2c7cb29740b4e076f1b8c9a78937c9b605a45ae8667f799987b5a"},
    {file = "numoperations-2.0.1.tar.gz", hash = "sha256:d7aa1a7ae4ebde75a728e3caf21ca9e19a2c7210f7537566ee7f94506e498ed4"},
]

[package.source]
type = "legacy"
url = "https://fgl-smartbuilding-137650815672.d.codeartifact.us-west-2.amazonaws.com/pypi/python-private-repository/simple"
reference = "aws"

[metadata]
lock-version = "2.0"
python-versions = "^3.10"
content-hash = "c24121105c958930ee000fe8855752302eb185146274e1ab71764593d5ea6559"
